
Microsoft Visual Studio Solution File, Format Version 12.00
# Visual Studio 15
VisualStudioVersion = 15.0.28010.2041
MinimumVisualStudioVersion = 10.0.40219.1
Project("{9A19103F-16F7-4668-BE54-9A1E7A4F7556}") = "WebApplication1", "WebApplication1.csproj", "{B79AB60C-3C49-4014-A559-A1A0D0795062}"
EndProject
Global
	GlobalSection(SolutionConfigurationPlatforms) = preSolution
		Debug|Any CPU = Debug|Any CPU
		Release|Any CPU = Release|Any CPU
	EndGlobalSection
	GlobalSection(ProjectConfigurationPlatforms) = postSolution
		{B79AB60C-3C49-4014-A559-A1A0D0795062}.Debug|Any CPU.ActiveCfg = Debug|Any CPU
		{B79AB60C-3C49-4014-A559-A1A0D0795062}.Debug|Any CPU.Build.0 = Debug|Any CPU
		{B79AB60C-3C49-4014-A559-A1A0D0795062}.Release|Any CPU.ActiveCfg = Release|Any CPU
		{B79AB60C-3C49-4014-A559-A1A0D0795062}.Release|Any CPU.Build.0 = Release|Any CPU
	EndGlobalSection
	GlobalSection(SolutionProperties) = preSolution
		HideSolutionNode = FALSE
	EndGlobalSection
	GlobalSection(ExtensibilityGlobals) = postSolution
		SolutionGuid = {712248D0-5F52-4873-876D-67C57C73C003}
	EndGlobalSection
EndGlobal
