
Microsoft Visual Studio Solution File, Format Version 12.00
# Visual Studio 15
VisualStudioVersion = 15.0.28010.2041
MinimumVisualStudioVersion = 10.0.40219.1
Project("{FAE04EC0-301F-11D3-BF4B-00C04F79EFBC}") = "WebApplication1", "WebApplication1\WebApplication1.csproj", "{D81F1B13-7697-48B5-824A-A3A536FB1915}"
EndProject
Global
	GlobalSection(SolutionConfigurationPlatforms) = preSolution
		Debug|Any CPU = Debug|Any CPU
		Release|Any CPU = Release|Any CPU
	EndGlobalSection
	GlobalSection(ProjectConfigurationPlatforms) = postSolution
		{D81F1B13-7697-48B5-824A-A3A536FB1915}.Debug|Any CPU.ActiveCfg = Debug|Any CPU
		{D81F1B13-7697-48B5-824A-A3A536FB1915}.Debug|Any CPU.Build.0 = Debug|Any CPU
		{D81F1B13-7697-48B5-824A-A3A536FB1915}.Release|Any CPU.ActiveCfg = Release|Any CPU
		{D81F1B13-7697-48B5-824A-A3A536FB1915}.Release|Any CPU.Build.0 = Release|Any CPU
	EndGlobalSection
	GlobalSection(SolutionProperties) = preSolution
		HideSolutionNode = FALSE
	EndGlobalSection
	GlobalSection(ExtensibilityGlobals) = postSolution
		SolutionGuid = {9E199185-CDEA-4D07-BD98-9B5737CB2533}
	EndGlobalSection
EndGlobal
