
Microsoft Visual Studio Solution File, Format Version 12.00
# Visual Studio 15
VisualStudioVersion = 15.0.28010.2041
MinimumVisualStudioVersion = 10.0.40219.1
Project("{FAE04EC0-301F-11D3-BF4B-00C04F79EFBC}") = "MyMVA", "MyMVA\MyMVA.csproj", "{749AD5F6-2389-419C-BAF9-014D814F65B4}"
EndProject
Global
	GlobalSection(SolutionConfigurationPlatforms) = preSolution
		Debug|Any CPU = Debug|Any CPU
		Release|Any CPU = Release|Any CPU
	EndGlobalSection
	GlobalSection(ProjectConfigurationPlatforms) = postSolution
		{749AD5F6-2389-419C-BAF9-014D814F65B4}.Debug|Any CPU.ActiveCfg = Debug|Any CPU
		{749AD5F6-2389-419C-BAF9-014D814F65B4}.Debug|Any CPU.Build.0 = Debug|Any CPU
		{749AD5F6-2389-419C-BAF9-014D814F65B4}.Release|Any CPU.ActiveCfg = Release|Any CPU
		{749AD5F6-2389-419C-BAF9-014D814F65B4}.Release|Any CPU.Build.0 = Release|Any CPU
	EndGlobalSection
	GlobalSection(SolutionProperties) = preSolution
		HideSolutionNode = FALSE
	EndGlobalSection
	GlobalSection(ExtensibilityGlobals) = postSolution
		SolutionGuid = {96BD1A05-1D61-4F86-8FBE-9E1185481F66}
	EndGlobalSection
EndGlobal
